
Microsoft Visual Studio Solution File, Format Version 12.00
# Visual Studio Version 16
VisualStudioVersion = 16.0.31702.278
MinimumVisualStudioVersion = 10.0.40219.1
Project("{FAE04EC0-301F-11D3-BF4B-00C04F79EFBC}") = "password-manager-CSharpLibrary(.NET Framework Edition)", "password-manager-CSharpLibrary(.NET Framework Edition)\password-manager-CSharpLibrary(.NET Framework Edition).csproj", "{FCF49BAD-D0B5-4CB9-AA86-8C56475019D3}"
EndProject
Global
	GlobalSection(SolutionConfigurationPlatforms) = preSolution
		Debug|Any CPU = Debug|Any CPU
		Release|Any CPU = Release|Any CPU
	EndGlobalSection
	GlobalSection(ProjectConfigurationPlatforms) = postSolution
		{FCF49BAD-D0B5-4CB9-AA86-8C56475019D3}.Debug|Any CPU.ActiveCfg = Debug|Any CPU
		{FCF49BAD-D0B5-4CB9-AA86-8C56475019D3}.Debug|Any CPU.Build.0 = Debug|Any CPU
		{FCF49BAD-D0B5-4CB9-AA86-8C56475019D3}.Release|Any CPU.ActiveCfg = Release|Any CPU
		{FCF49BAD-D0B5-4CB9-AA86-8C56475019D3}.Release|Any CPU.Build.0 = Release|Any CPU
	EndGlobalSection
	GlobalSection(SolutionProperties) = preSolution
		HideSolutionNode = FALSE
	EndGlobalSection
	GlobalSection(ExtensibilityGlobals) = postSolution
		SolutionGuid = {87D2F63C-5682-4822-9DED-E414DBF9AC23}
	EndGlobalSection
EndGlobal
